
Microsoft Visual Studio Solution File, Format Version 12.00
# Visual Studio 15
VisualStudioVersion = 15.0.26124.0
MinimumVisualStudioVersion = 15.0.26124.0
Project("{2150E333-8FDC-42A3-9474-1A3956D46DE8}") = "src", "src", "{9ADB938A-F949-4A92-A930-5AFAC5171C17}"
EndProject
Project("{FAE04EC0-301F-11D3-BF4B-00C04F79EFBC}") = "CosmosClient", "src\CosmosClient\CosmosClient.csproj", "{FB462848-C32A-4023-AE1E-3DA2C82F9444}"
EndProject
Project("{FAE04EC0-301F-11D3-BF4B-00C04F79EFBC}") = "DownscaleFunction", "src\DownscaleFunction\DownscaleFunction.csproj", "{3F2CDCE2-882B-4647-A375-D347BB029624}"
EndProject
Project("{2150E333-8FDC-42A3-9474-1A3956D46DE8}") = "tests", "tests", "{D599D15A-76FA-4D8F-8156-B9AB7BFE192E}"
EndProject
Project("{FAE04EC0-301F-11D3-BF4B-00C04F79EFBC}") = "CosmosClientTests", "tests\CosmosClientTests\CosmosClientTests.csproj", "{7FBA766C-563D-4DD1-B66E-5CA2451E5B05}"
EndProject
Global
	GlobalSection(SolutionConfigurationPlatforms) = preSolution
		Debug|Any CPU = Debug|Any CPU
		Debug|x64 = Debug|x64
		Debug|x86 = Debug|x86
		Release|Any CPU = Release|Any CPU
		Release|x64 = Release|x64
		Release|x86 = Release|x86
	EndGlobalSection
	GlobalSection(SolutionProperties) = preSolution
		HideSolutionNode = FALSE
	EndGlobalSection
	GlobalSection(ProjectConfigurationPlatforms) = postSolution
		{FB462848-C32A-4023-AE1E-3DA2C82F9444}.Debug|Any CPU.ActiveCfg = Debug|Any CPU
		{FB462848-C32A-4023-AE1E-3DA2C82F9444}.Debug|Any CPU.Build.0 = Debug|Any CPU
		{FB462848-C32A-4023-AE1E-3DA2C82F9444}.Debug|x64.ActiveCfg = Debug|Any CPU
		{FB462848-C32A-4023-AE1E-3DA2C82F9444}.Debug|x64.Build.0 = Debug|Any CPU
		{FB462848-C32A-4023-AE1E-3DA2C82F9444}.Debug|x86.ActiveCfg = Debug|Any CPU
		{FB462848-C32A-4023-AE1E-3DA2C82F9444}.Debug|x86.Build.0 = Debug|Any CPU
		{FB462848-C32A-4023-AE1E-3DA2C82F9444}.Release|Any CPU.ActiveCfg = Release|Any CPU
		{FB462848-C32A-4023-AE1E-3DA2C82F9444}.Release|Any CPU.Build.0 = Release|Any CPU
		{FB462848-C32A-4023-AE1E-3DA2C82F9444}.Release|x64.ActiveCfg = Release|Any CPU
		{FB462848-C32A-4023-AE1E-3DA2C82F9444}.Release|x64.Build.0 = Release|Any CPU
		{FB462848-C32A-4023-AE1E-3DA2C82F9444}.Release|x86.ActiveCfg = Release|Any CPU
		{FB462848-C32A-4023-AE1E-3DA2C82F9444}.Release|x86.Build.0 = Release|Any CPU
		{3F2CDCE2-882B-4647-A375-D347BB029624}.Debug|Any CPU.ActiveCfg = Debug|Any CPU
		{3F2CDCE2-882B-4647-A375-D347BB029624}.Debug|Any CPU.Build.0 = Debug|Any CPU
		{3F2CDCE2-882B-4647-A375-D347BB029624}.Debug|x64.ActiveCfg = Debug|Any CPU
		{3F2CDCE2-882B-4647-A375-D347BB029624}.Debug|x64.Build.0 = Debug|Any CPU
		{3F2CDCE2-882B-4647-A375-D347BB029624}.Debug|x86.ActiveCfg = Debug|Any CPU
		{3F2CDCE2-882B-4647-A375-D347BB029624}.Debug|x86.Build.0 = Debug|Any CPU
		{3F2CDCE2-882B-4647-A375-D347BB029624}.Release|Any CPU.ActiveCfg = Release|Any CPU
		{3F2CDCE2-882B-4647-A375-D347BB029624}.Release|Any CPU.Build.0 = Release|Any CPU
		{3F2CDCE2-882B-4647-A375-D347BB029624}.Release|x64.ActiveCfg = Release|Any CPU
		{3F2CDCE2-882B-4647-A375-D347BB029624}.Release|x64.Build.0 = Release|Any CPU
		{3F2CDCE2-882B-4647-A375-D347BB029624}.Release|x86.ActiveCfg = Release|Any CPU
		{3F2CDCE2-882B-4647-A375-D347BB029624}.Release|x86.Build.0 = Release|Any CPU
		{7FBA766C-563D-4DD1-B66E-5CA2451E5B05}.Debug|Any CPU.ActiveCfg = Debug|Any CPU
		{7FBA766C-563D-4DD1-B66E-5CA2451E5B05}.Debug|Any CPU.Build.0 = Debug|Any CPU
		{7FBA766C-563D-4DD1-B66E-5CA2451E5B05}.Debug|x64.ActiveCfg = Debug|Any CPU
		{7FBA766C-563D-4DD1-B66E-5CA2451E5B05}.Debug|x64.Build.0 = Debug|Any CPU
		{7FBA766C-563D-4DD1-B66E-5CA2451E5B05}.Debug|x86.ActiveCfg = Debug|Any CPU
		{7FBA766C-563D-4DD1-B66E-5CA2451E5B05}.Debug|x86.Build.0 = Debug|Any CPU
		{7FBA766C-563D-4DD1-B66E-5CA2451E5B05}.Release|Any CPU.ActiveCfg = Release|Any CPU
		{7FBA766C-563D-4DD1-B66E-5CA2451E5B05}.Release|Any CPU.Build.0 = Release|Any CPU
		{7FBA766C-563D-4DD1-B66E-5CA2451E5B05}.Release|x64.ActiveCfg = Release|Any CPU
		{7FBA766C-563D-4DD1-B66E-5CA2451E5B05}.Release|x64.Build.0 = Release|Any CPU
		{7FBA766C-563D-4DD1-B66E-5CA2451E5B05}.Release|x86.ActiveCfg = Release|Any CPU
		{7FBA766C-563D-4DD1-B66E-5CA2451E5B05}.Release|x86.Build.0 = Release|Any CPU
	EndGlobalSection
	GlobalSection(NestedProjects) = preSolution
		{FB462848-C32A-4023-AE1E-3DA2C82F9444} = {9ADB938A-F949-4A92-A930-5AFAC5171C17}
		{3F2CDCE2-882B-4647-A375-D347BB029624} = {9ADB938A-F949-4A92-A930-5AFAC5171C17}
		{7FBA766C-563D-4DD1-B66E-5CA2451E5B05} = {D599D15A-76FA-4D8F-8156-B9AB7BFE192E}
	EndGlobalSection
EndGlobal
